<Solution>
  <Folder Name="/src/">
    <File Path=".dockerignore" />
    <File Path=".editorconfig" />
    <File Path=".gitignore" />
    <File Path="AGENTS.md" />
    <File Path="CONTRIBUTING.md" />
    <File Path="Directory.Build.props" />
    <File Path="Directory.Packages.props" />
    <File Path="global.json" />
    <File Path="LICENSE" />
    <File Path="README.md" />
    <Project Path="src/AzurePipelines.Guidelines.Analysis/AzurePipelines.Guidelines.Analysis.csproj" />
    <Project Path="src/AzurePipelines.Guidelines.Core/AzurePipelines.Guidelines.Core.csproj" />
    <Project Path="src/AzurePipelines.Guidelines.Mcp/AzurePipelines.Guidelines.Mcp.csproj" />
    <Project Path="src/AzurePipelines.Guidelines.Parsing/AzurePipelines.Guidelines.Parsing.csproj" />
    <Project Path="src/AzurePipelines.Guidelines.Rules/AzurePipelines.Guidelines.Rules.csproj" />
  </Folder>
  <Folder Name="/tests/">
    <File Path="tests/Directory.Build.props" />
    <Folder Name="/tests/FolderStructure/">
      <File Path="tests/AzurePipelines.Guidelines.Rules.Tests/Fixtures/FolderStructure/WithAbsolutePath.yml" />
      <File Path="tests/AzurePipelines.Guidelines.Rules.Tests/Fixtures/FolderStructure/WithAdHocPath.yml" />
      <File Path="tests/AzurePipelines.Guidelines.Rules.Tests/Fixtures/FolderStructure/WithSharedRootPath.yml" />
    </Folder>
    <Folder Name="/tests/DiagnosticLogging/">
      <File Path="tests/AzurePipelines.Guidelines.Rules.Tests/Fixtures/DiagnosticLogging/WithLogging.yml" />
      <File Path="tests/AzurePipelines.Guidelines.Rules.Tests/Fixtures/DiagnosticLogging/WithoutLogging.yml" />
    </Folder>
    <Folder Name="/tests/SeparateConfiguration/">
      <File Path="tests/AzurePipelines.Guidelines.Rules.Tests/Fixtures/SeparateConfiguration/WithEmbeddedConfiguration.yml" />
      <File Path="tests/AzurePipelines.Guidelines.Rules.Tests/Fixtures/SeparateConfiguration/WithVariableTemplate.yml" />
    </Folder>
    <Folder Name="/tests/SingleResponsibility/">
      <File Path="tests/AzurePipelines.Guidelines.Rules.Tests/Fixtures/SingleResponsibility/WithMultipleResponsibilities.yml" />
      <File Path="tests/AzurePipelines.Guidelines.Rules.Tests/Fixtures/SingleResponsibility/WithSingleResponsibility.yml" />
    </Folder>
    <Folder Name="/tests/StepParameterValidation/">
      <File Path="tests/AzurePipelines.Guidelines.Rules.Tests/Fixtures/StepParameterValidation/WithoutValidation.yml" />
      <File Path="tests/AzurePipelines.Guidelines.Rules.Tests/Fixtures/StepParameterValidation/WithValidation.yml" />
    </Folder>
    <Folder Name="/tests/EnvironmentParameterMinimization/">
      <File Path="tests/AzurePipelines.Guidelines.Rules.Tests/Fixtures/EnvironmentParameterMinimization/WithEnvironmentParameters.yml" />
      <File Path="tests/AzurePipelines.Guidelines.Rules.Tests/Fixtures/EnvironmentParameterMinimization/WithVariableTemplates.yml" />
    </Folder>
    <Project Path="tests/AzurePipelines.Guidelines.Integration.Tests/AzurePipelines.Guidelines.Integration.Tests.csproj" />
    <Project Path="tests/AzurePipelines.Guidelines.Analysis.Tests/AzurePipelines.Guidelines.Analysis.Tests.csproj" />
    <Project Path="tests/AzurePipelines.Guidelines.Cli.Tests/AzurePipelines.Guidelines.Cli.Tests.csproj" />
    <File Path="tests/AzurePipelines.Guidelines.Cli.Tests/AnalyzeCommandOptionResolverTests.cs" />
    <File Path="tests/AzurePipelines.Guidelines.Cli.Tests/AssemblyInfo.cs" />
    <File Path="tests/AzurePipelines.Guidelines.Cli.Tests/RulesCommandTests.cs" />
    <Project Path="tests/AzurePipelines.Guidelines.Core.Tests/AzurePipelines.Guidelines.Core.Tests.csproj" />
    <Project Path="tests/AzurePipelines.Guidelines.Mcp.Tests/AzurePipelines.Guidelines.Mcp.Tests.csproj" />
    <Project Path="tests/AzurePipelines.Guidelines.Parsing.Tests/AzurePipelines.Guidelines.Parsing.Tests.csproj" />
    <Project Path="tests/AzurePipelines.Guidelines.Rules.Tests/AzurePipelines.Guidelines.Rules.Tests.csproj" />
  </Folder>
  <Folder Name="/tools/">
    <File Path="tools/Directory.Build.props" />
    <Project Path="tools/AzurePipelines.Guidelines.Cli/AzurePipelines.Guidelines.Cli.csproj" />
    <Project Path="tools/AzurePipelines.Guidelines.Mcp.Host/AzurePipelines.Guidelines.Mcp.Host.csproj" />
    <File Path="tools/AzurePipelines.Guidelines.Cli/CliConfigurationLoader.cs" />
  </Folder>
  <Folder Name="/scripts/">
    <File Path="scripts/run-mcp-local.ps1" />
    <File Path="scripts/build-mcp-image.ps1" />
  </Folder>
  <Folder Name="/.github/instructions/">
    <File Path=".github/instructions/agent-behaviour.instructions.md" />
    <File Path=".github/instructions/architecture.instructions.md" />
    <File Path=".github/instructions/code-style.instructions.md" />
    <File Path=".github/instructions/csharp-patterns.instructions.md" />
    <File Path=".github/instructions/documentation.instructions.md" />
    <File Path=".github/instructions/maintainability.instructions.md" />
    <File Path=".github/instructions/markdown.instructions.md" />
    <File Path=".github/instructions/testing.instructions.md" />
  </Folder>
  <Folder Name="/.github/prompts/">
    <File Path=".github/prompts/add-mcp-tool.prompt.md" />
    <File Path=".github/prompts/implement-rule.prompt.md" />
  </Folder>
  <Folder Name="/.github/workflows/">
    <File Path=".github/workflows/ci.yml" />
    <File Path=".github/workflows/release.yml" />
  </Folder>
  <Folder Name="/.solution/">
    <File Path=".dockerignore" />
    <File Path=".editorconfig" />
    <File Path=".gitignore" />
    <File Path="AGENTS.md" />
    <File Path="CONTRIBUTING.md" />
    <File Path="coverlet.runsettings" />
    <File Path="Directory.Build.props" />
    <File Path="Directory.Packages.props" />
    <File Path="Dockerfile" />
    <File Path="global.json" />
    <File Path="LICENSE" />
    <File Path="README.md" />
  </Folder>
  <Folder Name="/docs/">
    <File Path="docs/architecture.md" />
    <File Path="docs/cli-reference.md" />
    <File Path="docs/decisions.md" />
    <File Path="docs/glossary.md" />
    <File Path="docs/how-it-works.md" />
    <File Path="docs/mcp-reference.md" />
    <File Path="docs/progress.md" />
    <File Path="docs/TODO.md" />
    <File Path="docs/vision.md" />
  </Folder>
  <Folder Name="/.github/">
    <File Path=".github/copilot-instructions.md" />
    <Folder Name="/.github/instructions/">
      <File Path=".github/instructions/agent-behaviour.instructions.md" />
      <File Path=".github/instructions/architecture.instructions.md" />
      <File Path=".github/instructions/code-style.instructions.md" />
      <File Path=".github/instructions/csharp-patterns.instructions.md" />
      <File Path=".github/instructions/documentation.instructions.md" />
      <File Path=".github/instructions/maintainability.instructions.md" />
      <File Path=".github/instructions/markdown.instructions.md" />
        <File Path=".github/instructions/testing.instructions.md" />
    </Folder>
    <Folder Name="/.github/prompts/">
      <File Path=".github/prompts/add-mcp-tool.prompt.md" />
      <File Path=".github/prompts/implement-rule.prompt.md" />
    </Folder>
    <Folder Name="/.github/workflows/">
      <File Path=".github/workflows/ci.yml" />
      <File Path=".github/workflows/release.yml" />
    </Folder>
  </Folder>
</Solution>















