<Solution>
  <Folder Name="/src/">
    <Project Path="src/AzurePipelines.Guidelines.Analysis/AzurePipelines.Guidelines.Analysis.csproj" />
    <Project Path="src/AzurePipelines.Guidelines.Core/AzurePipelines.Guidelines.Core.csproj" />
    <Project Path="src/AzurePipelines.Guidelines.Mcp/AzurePipelines.Guidelines.Mcp.csproj" />
    <Project Path="src/AzurePipelines.Guidelines.Parsing/AzurePipelines.Guidelines.Parsing.csproj" />
    <Project Path="src/AzurePipelines.Guidelines.Rules/AzurePipelines.Guidelines.Rules.csproj" />
  </Folder>
  <Folder Name="/tests/">
    <Project Path="tests/AzurePipelines.Guidelines.Analysis.Tests/AzurePipelines.Guidelines.Analysis.Tests.csproj" />
    <Project Path="tests/AzurePipelines.Guidelines.Cli.Tests/AzurePipelines.Guidelines.Cli.Tests.csproj" />
    <Project Path="tests/AzurePipelines.Guidelines.Core.Tests/AzurePipelines.Guidelines.Core.Tests.csproj" />
    <Project Path="tests/AzurePipelines.Guidelines.Mcp.Tests/AzurePipelines.Guidelines.Mcp.Tests.csproj" />
    <Project Path="tests/AzurePipelines.Guidelines.Parsing.Tests/AzurePipelines.Guidelines.Parsing.Tests.csproj" />
    <Project Path="tests/AzurePipelines.Guidelines.Rules.Tests/AzurePipelines.Guidelines.Rules.Tests.csproj" />
  </Folder>
  <Folder Name="/tools/">
    <Project Path="tools/AzurePipelines.Guidelines.Cli/AzurePipelines.Guidelines.Cli.csproj" />
    <Project Path="tools/AzurePipelines.Guidelines.Mcp.Host/AzurePipelines.Guidelines.Mcp.Host.csproj" />
  </Folder>
</Solution>
